
Microsoft Visual Studio Solution File, Format Version 12.00
# Visual Studio Version 16
VisualStudioVersion = 16.0.31624.102
MinimumVisualStudioVersion = 10.0.40219.1
Project("{FAE04EC0-301F-11D3-BF4B-00C04F79EFBC}") = "Marvel.UI", "Marvel.UI\Marvel.UI.csproj", "{8C9ABA01-DED9-435A-B919-2E3A6298333D}"
EndProject
Global
	GlobalSection(SolutionConfigurationPlatforms) = preSolution
		Debug|Any CPU = Debug|Any CPU
		Release|Any CPU = Release|Any CPU
	EndGlobalSection
	GlobalSection(ProjectConfigurationPlatforms) = postSolution
		{8C9ABA01-DED9-435A-B919-2E3A6298333D}.Debug|Any CPU.ActiveCfg = Debug|Any CPU
		{8C9ABA01-DED9-435A-B919-2E3A6298333D}.Debug|Any CPU.Build.0 = Debug|Any CPU
		{8C9ABA01-DED9-435A-B919-2E3A6298333D}.Release|Any CPU.ActiveCfg = Release|Any CPU
		{8C9ABA01-DED9-435A-B919-2E3A6298333D}.Release|Any CPU.Build.0 = Release|Any CPU
	EndGlobalSection
	GlobalSection(SolutionProperties) = preSolution
		HideSolutionNode = FALSE
	EndGlobalSection
	GlobalSection(ExtensibilityGlobals) = postSolution
		SolutionGuid = {6E186F45-2EDC-47C6-ADF0-120B8CEF675D}
	EndGlobalSection
EndGlobal
